{
  "sources": {
    "drupal": {
      "locked_version": "0.1.1",
      "git": "https://github.com/MrMaksimize/drupal_cookbook",
      "ref": "597f20a7b015099b8f66c3816f62ea4d9e108e75"
    },
    "solo-helper": {
      "locked_version": "0.0.1",
      "git": "https://github.com/glennpratt/solo-helper_cookbook.git",
      "ref": "183b6e411c930ac8e7c638ad3cb10cae6a8af8fc"
    },
    "postfix": {
      "locked_version": "2.1.6"
    },
    "apt": {
      "locked_version": "2.1.1"
    },
    "database": {
      "locked_version": "1.4.0"
    },
    "mysql": {
      "locked_version": "3.0.4"
    },
    "openssl": {
      "locked_version": "1.1.0"
    },
    "build-essential": {
      "locked_version": "1.4.2"
    },
    "postgresql": {
      "locked_version": "3.0.4"
    },
    "aws": {
      "locked_version": "0.101.4"
    },
    "xfs": {
      "locked_version": "1.1.0"
    },
    "apache2": {
      "locked_version": "1.7.0"
    },
    "git": {
      "locked_version": "2.6.0"
    },
    "dmg": {
      "locked_version": "2.0.0"
    },
    "yum": {
      "locked_version": "2.3.2"
    },
    "windows": {
      "locked_version": "1.10.0"
    },
    "chef_handler": {
      "locked_version": "1.1.4"
    },
    "runit": {
      "locked_version": "1.2.0"
    },
    "php": {
      "locked_version": "1.2.4"
    },
    "xml": {
      "locked_version": "1.1.2"
    },
    "memcached": {
      "locked_version": "1.5.0"
    },
    "hostsfile": {
      "locked_version": "2.0.0"
    }
  }
}
